
Microsoft Visual Studio Solution File, Format Version 12.00
# Visual Studio Version 17
VisualStudioVersion = 17.2.32526.322
MinimumVisualStudioVersion = 10.0.40219.1
Project("{FAE04EC0-301F-11D3-BF4B-00C04F79EFBC}") = "eTicketWebApp", "eTicketWebApp\eTicketWebApp.csproj", "{D214FF44-484A-4D50-8BBD-0704B78620DB}"
EndProject
Project("{FAE04EC0-301F-11D3-BF4B-00C04F79EFBC}") = "eTicketServices", "eTicketServices\eTicketServices.csproj", "{F3237312-FCBA-4747-8AE9-408A77424003}"
EndProject
Project("{FAE04EC0-301F-11D3-BF4B-00C04F79EFBC}") = "eTicketData", "eTicketData\eTicketData.csproj", "{FEB07916-C2D7-415C-B303-D8D46CD61D56}"
EndProject
Global
	GlobalSection(SolutionConfigurationPlatforms) = preSolution
		Debug|Any CPU = Debug|Any CPU
		Release|Any CPU = Release|Any CPU
	EndGlobalSection
	GlobalSection(ProjectConfigurationPlatforms) = postSolution
		{D214FF44-484A-4D50-8BBD-0704B78620DB}.Debug|Any CPU.ActiveCfg = Debug|Any CPU
		{D214FF44-484A-4D50-8BBD-0704B78620DB}.Debug|Any CPU.Build.0 = Debug|Any CPU
		{D214FF44-484A-4D50-8BBD-0704B78620DB}.Release|Any CPU.ActiveCfg = Release|Any CPU
		{D214FF44-484A-4D50-8BBD-0704B78620DB}.Release|Any CPU.Build.0 = Release|Any CPU
		{F3237312-FCBA-4747-8AE9-408A77424003}.Debug|Any CPU.ActiveCfg = Debug|Any CPU
		{F3237312-FCBA-4747-8AE9-408A77424003}.Debug|Any CPU.Build.0 = Debug|Any CPU
		{F3237312-FCBA-4747-8AE9-408A77424003}.Release|Any CPU.ActiveCfg = Release|Any CPU
		{F3237312-FCBA-4747-8AE9-408A77424003}.Release|Any CPU.Build.0 = Release|Any CPU
		{FEB07916-C2D7-415C-B303-D8D46CD61D56}.Debug|Any CPU.ActiveCfg = Debug|Any CPU
		{FEB07916-C2D7-415C-B303-D8D46CD61D56}.Debug|Any CPU.Build.0 = Debug|Any CPU
		{FEB07916-C2D7-415C-B303-D8D46CD61D56}.Release|Any CPU.ActiveCfg = Release|Any CPU
		{FEB07916-C2D7-415C-B303-D8D46CD61D56}.Release|Any CPU.Build.0 = Release|Any CPU
	EndGlobalSection
	GlobalSection(SolutionProperties) = preSolution
		HideSolutionNode = FALSE
	EndGlobalSection
	GlobalSection(ExtensibilityGlobals) = postSolution
		SolutionGuid = {C1016815-F10E-4A14-8D37-31AE9AB34DC1}
	EndGlobalSection
EndGlobal
